Microsoft Visual Studio Solution File, Format Version 11.00
# Visual Studio 2008

Project("{6AE4BEB3-CF6C-4F27-BC37-E90D1B873682}") = "Tentativa", "Assembly-CSharp.csproj", "{6CB793BA-41DF-F995-6CE2-A3D0AE759FFF}"
EndProject
Global
	GlobalSection(SolutionConfigurationPlatforms) = preSolution
		Debug|Any CPU = Debug|Any CPU
		Release|Any CPU = Release|Any CPU
	EndGlobalSection
	GlobalSection(ProjectConfigurationPlatforms) = postSolution
		{6CB793BA-41DF-F995-6CE2-A3D0AE759FFF}.Debug|Any CPU.ActiveCfg = Debug|Any CPU
		{6CB793BA-41DF-F995-6CE2-A3D0AE759FFF}.Debug|Any CPU.Build.0 = Debug|Any CPU
		{6CB793BA-41DF-F995-6CE2-A3D0AE759FFF}.Release|Any CPU.ActiveCfg = Release|Any CPU
		{6CB793BA-41DF-F995-6CE2-A3D0AE759FFF}.Release|Any CPU.Build.0 = Release|Any CPU
	EndGlobalSection
	GlobalSection(SolutionProperties) = preSolution
		HideSolutionNode = FALSE
	EndGlobalSection
	GlobalSection(MonoDevelopProperties) = preSolution
		StartupItem = Assembly-CSharp.csproj
	EndGlobalSection
EndGlobal
